
Microsoft Visual Studio Solution File, Format Version 12.00
# Visual Studio Version 17
VisualStudioVersion = 17.3.32929.385
MinimumVisualStudioVersion = 10.0.40219.1
Project("{FAE04EC0-301F-11D3-BF4B-00C04F79EFBC}") = "Lab04-Q1,Q2", "Lab04-Q1\Lab04-Q1,Q2.csproj", "{DE723DF5-56BD-4D0D-9AFB-5300E77B9553}"
EndProject
Project("{FAE04EC0-301F-11D3-BF4B-00C04F79EFBC}") = "Lab04-Q3,Q4,Q5", "Lab04-Q3,Q4,Q5\Lab04-Q3,Q4,Q5.csproj", "{9C2FC96B-8435-4A2D-966E-B607D0FD782C}"
EndProject
Global
	GlobalSection(SolutionConfigurationPlatforms) = preSolution
		Debug|Any CPU = Debug|Any CPU
		Release|Any CPU = Release|Any CPU
	EndGlobalSection
	GlobalSection(ProjectConfigurationPlatforms) = postSolution
		{DE723DF5-56BD-4D0D-9AFB-5300E77B9553}.Debug|Any CPU.ActiveCfg = Debug|Any CPU
		{DE723DF5-56BD-4D0D-9AFB-5300E77B9553}.Debug|Any CPU.Build.0 = Debug|Any CPU
		{DE723DF5-56BD-4D0D-9AFB-5300E77B9553}.Release|Any CPU.ActiveCfg = Release|Any CPU
		{DE723DF5-56BD-4D0D-9AFB-5300E77B9553}.Release|Any CPU.Build.0 = Release|Any CPU
		{9C2FC96B-8435-4A2D-966E-B607D0FD782C}.Debug|Any CPU.ActiveCfg = Debug|Any CPU
		{9C2FC96B-8435-4A2D-966E-B607D0FD782C}.Debug|Any CPU.Build.0 = Debug|Any CPU
		{9C2FC96B-8435-4A2D-966E-B607D0FD782C}.Release|Any CPU.ActiveCfg = Release|Any CPU
		{9C2FC96B-8435-4A2D-966E-B607D0FD782C}.Release|Any CPU.Build.0 = Release|Any CPU
	EndGlobalSection
	GlobalSection(SolutionProperties) = preSolution
		HideSolutionNode = FALSE
	EndGlobalSection
	GlobalSection(ExtensibilityGlobals) = postSolution
		SolutionGuid = {2DC61151-D4A2-410C-9406-BAB86E6D5F5B}
	EndGlobalSection
EndGlobal
